
Microsoft Visual Studio Solution File, Format Version 12.00
# Visual Studio Version 16
VisualStudioVersion = 16.0.29424.173
MinimumVisualStudioVersion = 10.0.40219.1
Project("{FAE04EC0-301F-11D3-BF4B-00C04F79EFBC}") = "Borderless.Test", "Borderless.Test\Borderless.Test.csproj", "{3CF92020-7A20-4376-852F-DE54B173136D}"
EndProject
Project("{FAE04EC0-301F-11D3-BF4B-00C04F79EFBC}") = "Borderless.Model", "Borderless.Model\Borderless.Model.csproj", "{EA10F5BA-F064-485B-B656-7BDE7D6F567B}"
EndProject
Project("{FAE04EC0-301F-11D3-BF4B-00C04F79EFBC}") = "Borderless.DataAccessLayer", "Borderless.DataAccessLayer\Borderless.DataAccessLayer.csproj", "{68B000D7-F0C2-401C-978F-D047D93B0C7E}"
EndProject
Global
	GlobalSection(SolutionConfigurationPlatforms) = preSolution
		Debug|Any CPU = Debug|Any CPU
		Release|Any CPU = Release|Any CPU
	EndGlobalSection
	GlobalSection(ProjectConfigurationPlatforms) = postSolution
		{3CF92020-7A20-4376-852F-DE54B173136D}.Debug|Any CPU.ActiveCfg = Debug|Any CPU
		{3CF92020-7A20-4376-852F-DE54B173136D}.Debug|Any CPU.Build.0 = Debug|Any CPU
		{3CF92020-7A20-4376-852F-DE54B173136D}.Release|Any CPU.ActiveCfg = Release|Any CPU
		{3CF92020-7A20-4376-852F-DE54B173136D}.Release|Any CPU.Build.0 = Release|Any CPU
		{EA10F5BA-F064-485B-B656-7BDE7D6F567B}.Debug|Any CPU.ActiveCfg = Debug|Any CPU
		{EA10F5BA-F064-485B-B656-7BDE7D6F567B}.Debug|Any CPU.Build.0 = Debug|Any CPU
		{EA10F5BA-F064-485B-B656-7BDE7D6F567B}.Release|Any CPU.ActiveCfg = Release|Any CPU
		{EA10F5BA-F064-485B-B656-7BDE7D6F567B}.Release|Any CPU.Build.0 = Release|Any CPU
		{68B000D7-F0C2-401C-978F-D047D93B0C7E}.Debug|Any CPU.ActiveCfg = Debug|Any CPU
		{68B000D7-F0C2-401C-978F-D047D93B0C7E}.Debug|Any CPU.Build.0 = Debug|Any CPU
		{68B000D7-F0C2-401C-978F-D047D93B0C7E}.Release|Any CPU.ActiveCfg = Release|Any CPU
		{68B000D7-F0C2-401C-978F-D047D93B0C7E}.Release|Any CPU.Build.0 = Release|Any CPU
	EndGlobalSection
	GlobalSection(SolutionProperties) = preSolution
		HideSolutionNode = FALSE
	EndGlobalSection
	GlobalSection(ExtensibilityGlobals) = postSolution
		SolutionGuid = {23723ACF-2061-4069-8982-6D8BE8AF4EA4}
	EndGlobalSection
EndGlobal
